
Microsoft Visual Studio Solution File, Format Version 12.00
# Visual Studio Version 16
VisualStudioVersion = 16.0.28621.142
MinimumVisualStudioVersion = 10.0.40219.1
Project("{FAE04EC0-301F-11D3-BF4B-00C04F79EFBC}") = "Mandelbrot", "Mandelbrot\Mandelbrot.csproj", "{140329BC-7FBE-45A5-8B0D-05A81BD58C87}"
EndProject
Project("{9A19103F-16F7-4668-BE54-9A1E7A4F7556}") = "FractalGenerator.UI", "FractalGenerator.UI\FractalGenerator.UI.csproj", "{7DEE4D3A-3789-4937-AAC5-EA0C7B8F2888}"
EndProject
Global
	GlobalSection(SolutionConfigurationPlatforms) = preSolution
		Debug|Any CPU = Debug|Any CPU
		Release|Any CPU = Release|Any CPU
	EndGlobalSection
	GlobalSection(ProjectConfigurationPlatforms) = postSolution
		{140329BC-7FBE-45A5-8B0D-05A81BD58C87}.Debug|Any CPU.ActiveCfg = Debug|Any CPU
		{140329BC-7FBE-45A5-8B0D-05A81BD58C87}.Debug|Any CPU.Build.0 = Debug|Any CPU
		{140329BC-7FBE-45A5-8B0D-05A81BD58C87}.Release|Any CPU.ActiveCfg = Release|Any CPU
		{140329BC-7FBE-45A5-8B0D-05A81BD58C87}.Release|Any CPU.Build.0 = Release|Any CPU
		{7DEE4D3A-3789-4937-AAC5-EA0C7B8F2888}.Debug|Any CPU.ActiveCfg = Debug|Any CPU
		{7DEE4D3A-3789-4937-AAC5-EA0C7B8F2888}.Debug|Any CPU.Build.0 = Debug|Any CPU
		{7DEE4D3A-3789-4937-AAC5-EA0C7B8F2888}.Release|Any CPU.ActiveCfg = Release|Any CPU
		{7DEE4D3A-3789-4937-AAC5-EA0C7B8F2888}.Release|Any CPU.Build.0 = Release|Any CPU
	EndGlobalSection
	GlobalSection(SolutionProperties) = preSolution
		HideSolutionNode = FALSE
	EndGlobalSection
	GlobalSection(ExtensibilityGlobals) = postSolution
		SolutionGuid = {67C99C84-30A0-4452-911B-E58E5CD8BDDE}
	EndGlobalSection
EndGlobal
